
Microsoft Visual Studio Solution File, Format Version 12.00
# Visual Studio Version 16
VisualStudioVersion = 16.0.30406.217
MinimumVisualStudioVersion = 10.0.40219.1
Project("{FAE04EC0-301F-11D3-BF4B-00C04F79EFBC}") = "Task Manager", "Task Manager\Task Manager.csproj", "{DDF65768-E559-44B4-A96F-9A87A33378B9}"
EndProject
Global
	GlobalSection(SolutionConfigurationPlatforms) = preSolution
		Debug|Any CPU = Debug|Any CPU
		Release|Any CPU = Release|Any CPU
	EndGlobalSection
	GlobalSection(ProjectConfigurationPlatforms) = postSolution
		{DDF65768-E559-44B4-A96F-9A87A33378B9}.Debug|Any CPU.ActiveCfg = Debug|Any CPU
		{DDF65768-E559-44B4-A96F-9A87A33378B9}.Debug|Any CPU.Build.0 = Debug|Any CPU
		{DDF65768-E559-44B4-A96F-9A87A33378B9}.Release|Any CPU.ActiveCfg = Release|Any CPU
		{DDF65768-E559-44B4-A96F-9A87A33378B9}.Release|Any CPU.Build.0 = Release|Any CPU
	EndGlobalSection
	GlobalSection(SolutionProperties) = preSolution
		HideSolutionNode = FALSE
	EndGlobalSection
	GlobalSection(ExtensibilityGlobals) = postSolution
		SolutionGuid = {F607F46B-BF79-40D9-AE17-DA04F8EFDB74}
	EndGlobalSection
EndGlobal
